Microsoft Visual Studio Solution File, Format Version 12.00
# Visual Studio Version 17
VisualStudioVersion = 17.0.31717.71
MinimumVisualStudioVersion = 10.0.40219.1
Project("{9A19103F-16F7-4668-BE54-9A1E7A4F7556}") = "FurnitureShop.Admin.Blazor", "FurnitureShop.Admin.Blazor.csproj", "{D02F3549-C3B3-4E92-B738-31B319304AB3}"
EndProject
Global
	GlobalSection(SolutionConfigurationPlatforms) = preSolution
		Debug|Any CPU = Debug|Any CPU
		Release|Any CPU = Release|Any CPU
	EndGlobalSection
	GlobalSection(ProjectConfigurationPlatforms) = postSolution
		{D02F3549-C3B3-4E92-B738-31B319304AB3}.Debug|Any CPU.ActiveCfg = Debug|Any CPU
		{D02F3549-C3B3-4E92-B738-31B319304AB3}.Debug|Any CPU.Build.0 = Debug|Any CPU
		{D02F3549-C3B3-4E92-B738-31B319304AB3}.Release|Any CPU.ActiveCfg = Release|Any CPU
		{D02F3549-C3B3-4E92-B738-31B319304AB3}.Release|Any CPU.Build.0 = Release|Any CPU
	EndGlobalSection
	GlobalSection(SolutionProperties) = preSolution
		HideSolutionNode = FALSE
	EndGlobalSection
	GlobalSection(ExtensibilityGlobals) = postSolution
		SolutionGuid = {ECC87787-BA64-425C-8DA2-968B2949E298}
	EndGlobalSection
EndGlobal
