Microsoft Visual Studio Solution File, Format Version 12.00
# Visual Studio Version 17
VisualStudioVersion = 17.0.31717.71
MinimumVisualStudioVersion = 10.0.40219.1
Project("{9A19103F-16F7-4668-BE54-9A1E7A4F7556}") = "FurnitureShop.Blazor", "FurnitureShop.Blazor.csproj", "{5ED295DD-AD2D-44BE-9972-A516B271EB7D}"
EndProject
Global
	GlobalSection(SolutionConfigurationPlatforms) = preSolution
		Debug|Any CPU = Debug|Any CPU
		Release|Any CPU = Release|Any CPU
	EndGlobalSection
	GlobalSection(ProjectConfigurationPlatforms) = postSolution
		{5ED295DD-AD2D-44BE-9972-A516B271EB7D}.Debug|Any CPU.ActiveCfg = Debug|Any CPU
		{5ED295DD-AD2D-44BE-9972-A516B271EB7D}.Debug|Any CPU.Build.0 = Debug|Any CPU
		{5ED295DD-AD2D-44BE-9972-A516B271EB7D}.Release|Any CPU.ActiveCfg = Release|Any CPU
		{5ED295DD-AD2D-44BE-9972-A516B271EB7D}.Release|Any CPU.Build.0 = Release|Any CPU
	EndGlobalSection
	GlobalSection(SolutionProperties) = preSolution
		HideSolutionNode = FALSE
	EndGlobalSection
	GlobalSection(ExtensibilityGlobals) = postSolution
		SolutionGuid = {C8674E3C-50AC-4F62-AAE6-55AEEA565D25}
	EndGlobalSection
EndGlobal
