Microsoft Visual Studio Solution File, Format Version 12.00
# Visual Studio Version 17
VisualStudioVersion = 17.0.31717.71
MinimumVisualStudioVersion = 10.0.40219.1
Project("{9A19103F-16F7-4668-BE54-9A1E7A4F7556}") = "FurnitureShop.Admin.Blazor", "FurnitureShop.Admin.Blazor.csproj", "{AC0F335B-6B96-419B-B0A4-09DEC5540E19}"
EndProject
Global
	GlobalSection(SolutionConfigurationPlatforms) = preSolution
		Debug|Any CPU = Debug|Any CPU
		Release|Any CPU = Release|Any CPU
	EndGlobalSection
	GlobalSection(ProjectConfigurationPlatforms) = postSolution
		{AC0F335B-6B96-419B-B0A4-09DEC5540E19}.Debug|Any CPU.ActiveCfg = Debug|Any CPU
		{AC0F335B-6B96-419B-B0A4-09DEC5540E19}.Debug|Any CPU.Build.0 = Debug|Any CPU
		{AC0F335B-6B96-419B-B0A4-09DEC5540E19}.Release|Any CPU.ActiveCfg = Release|Any CPU
		{AC0F335B-6B96-419B-B0A4-09DEC5540E19}.Release|Any CPU.Build.0 = Release|Any CPU
	EndGlobalSection
	GlobalSection(SolutionProperties) = preSolution
		HideSolutionNode = FALSE
	EndGlobalSection
	GlobalSection(ExtensibilityGlobals) = postSolution
		SolutionGuid = {67226B1C-104D-4125-89C1-FB4A1D43FA44}
	EndGlobalSection
EndGlobal
