
Microsoft Visual Studio Solution File, Format Version 12.00
# Visual Studio Version 17
VisualStudioVersion = 17.0.31717.71
MinimumVisualStudioVersion = 10.0.40219.1
Project("{9A19103F-16F7-4668-BE54-9A1E7A4F7556}") = "FurnitureShop.Dashboard.Blazor", "FurnitureShop.Dashboard.Blazor.csproj", "{8A49843A-97CA-495B-906F-65692BDEACDA}"
EndProject
Global
	GlobalSection(SolutionConfigurationPlatforms) = preSolution
		Debug|Any CPU = Debug|Any CPU
		Release|Any CPU = Release|Any CPU
	EndGlobalSection
	GlobalSection(ProjectConfigurationPlatforms) = postSolution
		{8A49843A-97CA-495B-906F-65692BDEACDA}.Debug|Any CPU.ActiveCfg = Debug|Any CPU
		{8A49843A-97CA-495B-906F-65692BDEACDA}.Debug|Any CPU.Build.0 = Debug|Any CPU
		{8A49843A-97CA-495B-906F-65692BDEACDA}.Release|Any CPU.ActiveCfg = Release|Any CPU
		{8A49843A-97CA-495B-906F-65692BDEACDA}.Release|Any CPU.Build.0 = Release|Any CPU
	EndGlobalSection
	GlobalSection(SolutionProperties) = preSolution
		HideSolutionNode = FALSE
	EndGlobalSection
	GlobalSection(ExtensibilityGlobals) = postSolution
		SolutionGuid = {BC2E99F1-067D-4E88-87A4-0866F95C5513}
	EndGlobalSection
EndGlobal