
Microsoft Visual Studio Solution File, Format Version 12.00
# Visual Studio Version 17
VisualStudioVersion = 17.0.31903.59
MinimumVisualStudioVersion = 10.0.40219.1
Project("{9A19103F-16F7-4668-BE54-9A1E7A4F7556}") = "FurnitureShop.Admin.Blazor", "FurnitureShop.Admin.Blazor\FurnitureShop.Admin.Blazor.csproj", "{AB731F14-C13F-4FE3-98D3-54582B9AE84E}"
EndProject
Project("{9A19103F-16F7-4668-BE54-9A1E7A4F7556}") = "FurnitureShop.Blazor", "FurnitureShop.Blazor\FurnitureShop.Blazor.csproj", "{D7915357-17F7-451E-9F5C-AA87DB90346D}"
EndProject
Project("{9A19103F-16F7-4668-BE54-9A1E7A4F7556}") = "FurnitureShop.Common", "FurnitureShop.Common\FurnitureShop.Common.csproj", "{595C0705-8232-4A8B-87C5-935F7C216F73}"
EndProject
Global
	GlobalSection(SolutionConfigurationPlatforms) = preSolution
		Debug|Any CPU = Debug|Any CPU
		Release|Any CPU = Release|Any CPU
	EndGlobalSection
	GlobalSection(ProjectConfigurationPlatforms) = postSolution
		{AB731F14-C13F-4FE3-98D3-54582B9AE84E}.Debug|Any CPU.ActiveCfg = Debug|Any CPU
		{AB731F14-C13F-4FE3-98D3-54582B9AE84E}.Debug|Any CPU.Build.0 = Debug|Any CPU
		{AB731F14-C13F-4FE3-98D3-54582B9AE84E}.Release|Any CPU.ActiveCfg = Release|Any CPU
		{AB731F14-C13F-4FE3-98D3-54582B9AE84E}.Release|Any CPU.Build.0 = Release|Any CPU
		{D7915357-17F7-451E-9F5C-AA87DB90346D}.Debug|Any CPU.ActiveCfg = Debug|Any CPU
		{D7915357-17F7-451E-9F5C-AA87DB90346D}.Debug|Any CPU.Build.0 = Debug|Any CPU
		{D7915357-17F7-451E-9F5C-AA87DB90346D}.Release|Any CPU.ActiveCfg = Release|Any CPU
		{D7915357-17F7-451E-9F5C-AA87DB90346D}.Release|Any CPU.Build.0 = Release|Any CPU
		{595C0705-8232-4A8B-87C5-935F7C216F73}.Debug|Any CPU.ActiveCfg = Debug|Any CPU
		{595C0705-8232-4A8B-87C5-935F7C216F73}.Debug|Any CPU.Build.0 = Debug|Any CPU
		{595C0705-8232-4A8B-87C5-935F7C216F73}.Release|Any CPU.ActiveCfg = Release|Any CPU
		{595C0705-8232-4A8B-87C5-935F7C216F73}.Release|Any CPU.Build.0 = Release|Any CPU
	EndGlobalSection
	GlobalSection(SolutionProperties) = preSolution
		HideSolutionNode = FALSE
	EndGlobalSection
	GlobalSection(ExtensibilityGlobals) = postSolution
		SolutionGuid = {FE8A3B43-C8FA-4199-818A-088F6A24D3AF}
	EndGlobalSection
EndGlobal
