Microsoft Visual Studio Solution File, Format Version 12.00
# Visual Studio Version 17
VisualStudioVersion = 17.0.31717.71
MinimumVisualStudioVersion = 10.0.40219.1
Project("{9A19103F-16F7-4668-BE54-9A1E7A4F7556}") = "FurnitureShop.Merchant.Blazor", "FurnitureShop.Merchant.Blazor.csproj", "{9EC2C6AF-4E8E-4F6F-8B76-36E7A0C632E6}"
EndProject
Global
	GlobalSection(SolutionConfigurationPlatforms) = preSolution
		Debug|Any CPU = Debug|Any CPU
		Release|Any CPU = Release|Any CPU
	EndGlobalSection
	GlobalSection(ProjectConfigurationPlatforms) = postSolution
		{9EC2C6AF-4E8E-4F6F-8B76-36E7A0C632E6}.Debug|Any CPU.ActiveCfg = Debug|Any CPU
		{9EC2C6AF-4E8E-4F6F-8B76-36E7A0C632E6}.Debug|Any CPU.Build.0 = Debug|Any CPU
		{9EC2C6AF-4E8E-4F6F-8B76-36E7A0C632E6}.Release|Any CPU.ActiveCfg = Release|Any CPU
		{9EC2C6AF-4E8E-4F6F-8B76-36E7A0C632E6}.Release|Any CPU.Build.0 = Release|Any CPU
	EndGlobalSection
	GlobalSection(SolutionProperties) = preSolution
		HideSolutionNode = FALSE
	EndGlobalSection
	GlobalSection(ExtensibilityGlobals) = postSolution
		SolutionGuid = {1289D348-B414-456B-A6C4-3756C5DCEA0B}
	EndGlobalSection
EndGlobal
